
Microsoft Visual Studio Solution File, Format Version 12.00
# Visual Studio Version 17
VisualStudioVersion = 17.7.34202.233
MinimumVisualStudioVersion = 10.0.40219.1
Project("{9A19103F-16F7-4668-BE54-9A1E7A4F7556}") = "AspNet.Blog.Web", "AspNet.Blog.Web\AspNet.Blog.Web.csproj", "{90520237-9EA2-475F-87B4-1050421CC80C}"
EndProject
Global
	GlobalSection(SolutionConfigurationPlatforms) = preSolution
		Debug|Any CPU = Debug|Any CPU
		Release|Any CPU = Release|Any CPU
	EndGlobalSection
	GlobalSection(ProjectConfigurationPlatforms) = postSolution
		{90520237-9EA2-475F-87B4-1050421CC80C}.Debug|Any CPU.ActiveCfg = Debug|Any CPU
		{90520237-9EA2-475F-87B4-1050421CC80C}.Debug|Any CPU.Build.0 = Debug|Any CPU
		{90520237-9EA2-475F-87B4-1050421CC80C}.Release|Any CPU.ActiveCfg = Release|Any CPU
		{90520237-9EA2-475F-87B4-1050421CC80C}.Release|Any CPU.Build.0 = Release|Any CPU
	EndGlobalSection
	GlobalSection(SolutionProperties) = preSolution
		HideSolutionNode = FALSE
	EndGlobalSection
	GlobalSection(ExtensibilityGlobals) = postSolution
		SolutionGuid = {A6C7A05A-6568-437D-AD32-31886BBF5F80}
	EndGlobalSection
EndGlobal
